{
  "name": "majiang",
  "version": "0.0.0",
  "lockfileVersion": 1,
  "requires": true,
  "dependencies": {
    "detect-libc": {
      "version": "1.0.3",
      "resolved": "http://registry.npm.taobao.org/detect-libc/download/detect-libc-1.0.3.tgz",
      "integrity": "sha1-+hN8S9aY7fVc1c0CrFWfkaTEups="
    },
    "fibers": {
      "version": "3.1.1",
      "resolved": "https://registry.npm.taobao.org/fibers/download/fibers-3.1.1.tgz",
      "integrity": "sha1-AjiQLKk4NHvXeVI2kvvu/fT2iKs=",
      "requires": {
        "detect-libc": "^1.0.3"
      }
    }
  }
}
